<?xml version="1.0" encoding="utf-8"?>
<Project ToolsVersion="4.0" xmlns="http://schemas.microsoft.com/developer/msbuild/2003">
  <ItemGroup>
    <Filter Include="test">
      <UniqueIdentifier>{15843071-491F-E047-B5AF-8C1A849B4A6A}</UniqueIdentifier>
    </Filter>
    <Filter Include="test\enet">
      <UniqueIdentifier>{0F505B11-3437-5943-8D75-6331D4A43585}</UniqueIdentifier>
    </Filter>
    <Filter Include="test\enet\chat">
      <UniqueIdentifier>{E1744D22-A9C7-5F48-B226-B38A0B787A3D}</UniqueIdentifier>
    </Filter>
    <Filter Include="test\enet\chat\server">
      <UniqueIdentifier>{F52009E5-CD37-1740-BB0D-3BD1DEF5DD12}</UniqueIdentifier>
    </Filter>
  </ItemGroup>
  <ItemGroup>
    <ClCompile Include="..\..\test\enet\chat\server\main.cpp">
      <Filter>test\enet\chat\server</Filter>
    </ClCompile>
  </ItemGroup>
</Project>
