<?xml version="1.0" encoding="utf-8"?>
<Project ToolsVersion="4.0" xmlns="http://schemas.microsoft.com/developer/msbuild/2003">
  <ItemGroup>
    <Filter Include="Extras">
      <UniqueIdentifier>{7CEE452E-98A6-A24D-9A03-14D3D5DDCAC3}</UniqueIdentifier>
    </Filter>
    <Filter Include="Extras\VHACD">
      <UniqueIdentifier>{36AB0B33-5559-6642-83AB-BA11AC29AC08}</UniqueIdentifier>
    </Filter>
    <Filter Include="Extras\VHACD\test">
      <UniqueIdentifier>{F1E2A4DD-AE1E-0342-B146-5D958ED38F7F}</UniqueIdentifier>
    </Filter>
    <Filter Include="Extras\VHACD\test\src">
      <UniqueIdentifier>{96B10C7C-E0A4-8240-9D56-42B64843B2AC}</UniqueIdentifier>
    </Filter>
  </ItemGroup>
  <ItemGroup>
    <ClCompile Include="..\..\Extras\VHACD\test\src\main.cpp">
      <Filter>Extras\VHACD\test\src</Filter>
    </ClCompile>
  </ItemGroup>
</Project>
