<?xml version="1.0" encoding="utf-8"?>
<Project ToolsVersion="4.0" xmlns="http://schemas.microsoft.com/developer/msbuild/2003">
  <ItemGroup>
    <Filter Include="Extras">
      <UniqueIdentifier>{04CB3AE2-0B3E-8F4A-9130-25EA1951068C}</UniqueIdentifier>
    </Filter>
    <Filter Include="Extras\VHACD">
      <UniqueIdentifier>{74C90BF5-3DD3-2044-A1CF-880112504375}</UniqueIdentifier>
    </Filter>
    <Filter Include="Extras\VHACD\src">
      <UniqueIdentifier>{A82580EB-0A83-DB4A-80F3-C066C6E37B4A}</UniqueIdentifier>
    </Filter>
  </ItemGroup>
  <ItemGroup>
    <ClCompile Include="..\..\Extras\VHACD\src\VHACD.cpp">
      <Filter>Extras\VHACD\src</Filter>
    </ClCompile>
    <ClCompile Include="..\..\Extras\VHACD\src\vhacdICHull.cpp">
      <Filter>Extras\VHACD\src</Filter>
    </ClCompile>
    <ClCompile Include="..\..\Extras\VHACD\src\vhacdManifoldMesh.cpp">
      <Filter>Extras\VHACD\src</Filter>
    </ClCompile>
    <ClCompile Include="..\..\Extras\VHACD\src\vhacdMesh.cpp">
      <Filter>Extras\VHACD\src</Filter>
    </ClCompile>
    <ClCompile Include="..\..\Extras\VHACD\src\vhacdVolume.cpp">
      <Filter>Extras\VHACD\src</Filter>
    </ClCompile>
  </ItemGroup>
</Project>
